
Microsoft Visual Studio Solution File, Format Version 12.00
# Visual Studio Version 16
VisualStudioVersion = 16.0.31105.61
MinimumVisualStudioVersion = 10.0.40219.1
Project("{FAE04EC0-301F-11D3-BF4B-00C04F79EFBC}") = "Lab11", "Lab11\Lab11.csproj", "{7FA0D182-578E-44C7-A256-990E96CAAB58}"
EndProject
Project("{9A19103F-16F7-4668-BE54-9A1E7A4F7556}") = "lab1", "..\lab1\lab1\lab1.csproj", "{AD0A8A43-FEB1-447E-A618-A4F64823DC00}"
EndProject
Global
	GlobalSection(SolutionConfigurationPlatforms) = preSolution
		Debug|Any CPU = Debug|Any CPU
		Release|Any CPU = Release|Any CPU
	EndGlobalSection
	GlobalSection(ProjectConfigurationPlatforms) = postSolution
		{7FA0D182-578E-44C7-A256-990E96CAAB58}.Debug|Any CPU.ActiveCfg = Debug|Any CPU
		{7FA0D182-578E-44C7-A256-990E96CAAB58}.Debug|Any CPU.Build.0 = Debug|Any CPU
		{7FA0D182-578E-44C7-A256-990E96CAAB58}.Release|Any CPU.ActiveCfg = Release|Any CPU
		{7FA0D182-578E-44C7-A256-990E96CAAB58}.Release|Any CPU.Build.0 = Release|Any CPU
		{AD0A8A43-FEB1-447E-A618-A4F64823DC00}.Debug|Any CPU.ActiveCfg = Debug|Any CPU
		{AD0A8A43-FEB1-447E-A618-A4F64823DC00}.Debug|Any CPU.Build.0 = Debug|Any CPU
		{AD0A8A43-FEB1-447E-A618-A4F64823DC00}.Release|Any CPU.ActiveCfg = Release|Any CPU
		{AD0A8A43-FEB1-447E-A618-A4F64823DC00}.Release|Any CPU.Build.0 = Release|Any CPU
	EndGlobalSection
	GlobalSection(SolutionProperties) = preSolution
		HideSolutionNode = FALSE
	EndGlobalSection
	GlobalSection(ExtensibilityGlobals) = postSolution
		SolutionGuid = {8100DF54-EE8A-4455-9C73-9D3E012CC2E8}
	EndGlobalSection
EndGlobal
